
Microsoft Visual Studio Solution File, Format Version 10.00
# Visual Studio 2008
Project("{FAE04EC0-301F-11D3-BF4B-00C04F79EFBC}") = "SLLinqToStdf", "LinqToStdf\SLLinqToStdf.csproj", "{E251DABB-78AF-4451-93EF-B8C3420BEBC5}"
EndProject
Project("{FAE04EC0-301F-11D3-BF4B-00C04F79EFBC}") = "SilverlightSample", "SilverlightSample\SilverlightSample.csproj", "{68579006-C8F6-4E18-B93F-5464F50FA1B9}"
EndProject
Project("{E24C65DC-7377-472B-9ABA-BC803B73C61A}") = "SilverlightSample_Web", "SilverlightSample_Web\", "{2C321929-044B-429E-B367-42F49E4995AD}"
	ProjectSection(WebsiteProperties) = preProject
		TargetFramework = "3.5"
		Debug.AspNetCompiler.VirtualPath = "/SilverlightSample_Web"
		Debug.AspNetCompiler.PhysicalPath = "SilverlightSample_Web\"
		Debug.AspNetCompiler.TargetPath = "PrecompiledWeb\SilverlightSample_Web\"
		Debug.AspNetCompiler.Updateable = "true"
		Debug.AspNetCompiler.ForceOverwrite = "true"
		Debug.AspNetCompiler.FixedNames = "false"
		Debug.AspNetCompiler.Debug = "True"
		Release.AspNetCompiler.VirtualPath = "/SilverlightSample_Web"
		Release.AspNetCompiler.PhysicalPath = "SilverlightSample_Web\"
		Release.AspNetCompiler.TargetPath = "PrecompiledWeb\SilverlightSample_Web\"
		Release.AspNetCompiler.Updateable = "true"
		Release.AspNetCompiler.ForceOverwrite = "true"
		Release.AspNetCompiler.FixedNames = "false"
		Release.AspNetCompiler.Debug = "False"
		VWDPort = "13442"
		DefaultWebSiteLanguage = "Visual C#"
		ProjOutputReferences = "{68579006-C8F6-4E18-B93F-5464F50FA1B9}|;"
	EndProjectSection
EndProject
Global
	GlobalSection(SolutionConfigurationPlatforms) = preSolution
		Debug|.NET = Debug|.NET
		Debug|Any CPU = Debug|Any CPU
		Debug|Mixed Platforms = Debug|Mixed Platforms
		Release|.NET = Release|.NET
		Release|Any CPU = Release|Any CPU
		Release|Mixed Platforms = Release|Mixed Platforms
	EndGlobalSection
	GlobalSection(ProjectConfigurationPlatforms) = postSolution
		{E251DABB-78AF-4451-93EF-B8C3420BEBC5}.Debug|.NET.ActiveCfg = Debug|Any CPU
		{E251DABB-78AF-4451-93EF-B8C3420BEBC5}.Debug|Any CPU.ActiveCfg = Debug|Any CPU
		{E251DABB-78AF-4451-93EF-B8C3420BEBC5}.Debug|Any CPU.Build.0 = Debug|Any CPU
		{E251DABB-78AF-4451-93EF-B8C3420BEBC5}.Debug|Mixed Platforms.ActiveCfg = Debug|Any CPU
		{E251DABB-78AF-4451-93EF-B8C3420BEBC5}.Debug|Mixed Platforms.Build.0 = Debug|Any CPU
		{E251DABB-78AF-4451-93EF-B8C3420BEBC5}.Release|.NET.ActiveCfg = Release|Any CPU
		{E251DABB-78AF-4451-93EF-B8C3420BEBC5}.Release|Any CPU.ActiveCfg = Release|Any CPU
		{E251DABB-78AF-4451-93EF-B8C3420BEBC5}.Release|Any CPU.Build.0 = Release|Any CPU
		{E251DABB-78AF-4451-93EF-B8C3420BEBC5}.Release|Mixed Platforms.ActiveCfg = Release|Any CPU
		{E251DABB-78AF-4451-93EF-B8C3420BEBC5}.Release|Mixed Platforms.Build.0 = Release|Any CPU
		{68579006-C8F6-4E18-B93F-5464F50FA1B9}.Debug|.NET.ActiveCfg = Debug|Any CPU
		{68579006-C8F6-4E18-B93F-5464F50FA1B9}.Debug|Any CPU.ActiveCfg = Debug|Any CPU
		{68579006-C8F6-4E18-B93F-5464F50FA1B9}.Debug|Any CPU.Build.0 = Debug|Any CPU
		{68579006-C8F6-4E18-B93F-5464F50FA1B9}.Debug|Mixed Platforms.ActiveCfg = Debug|Any CPU
		{68579006-C8F6-4E18-B93F-5464F50FA1B9}.Debug|Mixed Platforms.Build.0 = Debug|Any CPU
		{68579006-C8F6-4E18-B93F-5464F50FA1B9}.Release|.NET.ActiveCfg = Release|Any CPU
		{68579006-C8F6-4E18-B93F-5464F50FA1B9}.Release|Any CPU.ActiveCfg = Release|Any CPU
		{68579006-C8F6-4E18-B93F-5464F50FA1B9}.Release|Any CPU.Build.0 = Release|Any CPU
		{68579006-C8F6-4E18-B93F-5464F50FA1B9}.Release|Mixed Platforms.ActiveCfg = Release|Any CPU
		{68579006-C8F6-4E18-B93F-5464F50FA1B9}.Release|Mixed Platforms.Build.0 = Release|Any CPU
		{2C321929-044B-429E-B367-42F49E4995AD}.Debug|.NET.ActiveCfg = Debug|.NET
		{2C321929-044B-429E-B367-42F49E4995AD}.Debug|.NET.Build.0 = Debug|.NET
		{2C321929-044B-429E-B367-42F49E4995AD}.Debug|Any CPU.ActiveCfg = Debug|.NET
		{2C321929-044B-429E-B367-42F49E4995AD}.Debug|Mixed Platforms.ActiveCfg = Debug|.NET
		{2C321929-044B-429E-B367-42F49E4995AD}.Debug|Mixed Platforms.Build.0 = Debug|.NET
		{2C321929-044B-429E-B367-42F49E4995AD}.Release|.NET.ActiveCfg = Debug|.NET
		{2C321929-044B-429E-B367-42F49E4995AD}.Release|.NET.Build.0 = Debug|.NET
		{2C321929-044B-429E-B367-42F49E4995AD}.Release|Any CPU.ActiveCfg = Debug|.NET
		{2C321929-044B-429E-B367-42F49E4995AD}.Release|Mixed Platforms.ActiveCfg = Debug|.NET
		{2C321929-044B-429E-B367-42F49E4995AD}.Release|Mixed Platforms.Build.0 = Debug|.NET
	EndGlobalSection
	GlobalSection(SolutionProperties) = preSolution
		HideSolutionNode = FALSE
	EndGlobalSection
EndGlobal
